
Microsoft Visual Studio Solution File, Format Version 12.00
# Visual Studio 14
VisualStudioVersion = 14.0.25123.0
MinimumVisualStudioVersion = 10.0.40219.1
Project("{FAE04EC0-301F-11D3-BF4B-00C04F79EFBC}") = "01.FillTheMatrix", "01.FillTheMatrix\01.FillTheMatrix.csproj", "{06C8D79D-2630-4C03-BDD1-5C0F8AABA85E}"
EndProject
Project("{FAE04EC0-301F-11D3-BF4B-00C04F79EFBC}") = "02.MaximalSum", "02.MaximalSum\02.MaximalSum.csproj", "{F81D6797-4342-4F0A-84BF-7A8362D1FF86}"
EndProject
Project("{FAE04EC0-301F-11D3-BF4B-00C04F79EFBC}") = "03.SequenceInMatrix", "03.SequenceInMatrix\03.SequenceInMatrix.csproj", "{D7060BE5-052F-4D0C-AF79-A798781BBD21}"
EndProject
Project("{FAE04EC0-301F-11D3-BF4B-00C04F79EFBC}") = "07.LargestAreaInMatrix", "07.LargestAreaInMatrix\07.LargestAreaInMatrix.csproj", "{A281AA4F-F885-4079-9266-33D721DF4F64}"
EndProject
Global
	GlobalSection(SolutionConfigurationPlatforms) = preSolution
		Debug|Any CPU = Debug|Any CPU
		Release|Any CPU = Release|Any CPU
	EndGlobalSection
	GlobalSection(ProjectConfigurationPlatforms) = postSolution
		{06C8D79D-2630-4C03-BDD1-5C0F8AABA85E}.Debug|Any CPU.ActiveCfg = Debug|Any CPU
		{06C8D79D-2630-4C03-BDD1-5C0F8AABA85E}.Debug|Any CPU.Build.0 = Debug|Any CPU
		{06C8D79D-2630-4C03-BDD1-5C0F8AABA85E}.Release|Any CPU.ActiveCfg = Release|Any CPU
		{06C8D79D-2630-4C03-BDD1-5C0F8AABA85E}.Release|Any CPU.Build.0 = Release|Any CPU
		{F81D6797-4342-4F0A-84BF-7A8362D1FF86}.Debug|Any CPU.ActiveCfg = Debug|Any CPU
		{F81D6797-4342-4F0A-84BF-7A8362D1FF86}.Debug|Any CPU.Build.0 = Debug|Any CPU
		{F81D6797-4342-4F0A-84BF-7A8362D1FF86}.Release|Any CPU.ActiveCfg = Release|Any CPU
		{F81D6797-4342-4F0A-84BF-7A8362D1FF86}.Release|Any CPU.Build.0 = Release|Any CPU
		{D7060BE5-052F-4D0C-AF79-A798781BBD21}.Debug|Any CPU.ActiveCfg = Debug|Any CPU
		{D7060BE5-052F-4D0C-AF79-A798781BBD21}.Debug|Any CPU.Build.0 = Debug|Any CPU
		{D7060BE5-052F-4D0C-AF79-A798781BBD21}.Release|Any CPU.ActiveCfg = Release|Any CPU
		{D7060BE5-052F-4D0C-AF79-A798781BBD21}.Release|Any CPU.Build.0 = Release|Any CPU
		{A281AA4F-F885-4079-9266-33D721DF4F64}.Debug|Any CPU.ActiveCfg = Debug|Any CPU
		{A281AA4F-F885-4079-9266-33D721DF4F64}.Debug|Any CPU.Build.0 = Debug|Any CPU
		{A281AA4F-F885-4079-9266-33D721DF4F64}.Release|Any CPU.ActiveCfg = Release|Any CPU
		{A281AA4F-F885-4079-9266-33D721DF4F64}.Release|Any CPU.Build.0 = Release|Any CPU
	EndGlobalSection
	GlobalSection(SolutionProperties) = preSolution
		HideSolutionNode = FALSE
	EndGlobalSection
EndGlobal
